
Microsoft Visual Studio Solution File, Format Version 12.00
# Visual Studio Version 17
VisualStudioVersion = 17.4.33213.308
MinimumVisualStudioVersion = 10.0.40219.1
Project("{FAE04EC0-301F-11D3-BF4B-00C04F79EFBC}") = "FilesFoldersUtility", "FilesFoldersUtility\FilesFoldersUtility.csproj", "{CFD02435-0EDE-4B42-B4D1-C7B47D56FD28}"
EndProject
Global
	GlobalSection(SolutionConfigurationPlatforms) = preSolution
		Debug|Any CPU = Debug|Any CPU
		Release|Any CPU = Release|Any CPU
	EndGlobalSection
	GlobalSection(ProjectConfigurationPlatforms) = postSolution
		{CFD02435-0EDE-4B42-B4D1-C7B47D56FD28}.Debug|Any CPU.ActiveCfg = Release|Any CPU
		{CFD02435-0EDE-4B42-B4D1-C7B47D56FD28}.Debug|Any CPU.Build.0 = Release|Any CPU
		{CFD02435-0EDE-4B42-B4D1-C7B47D56FD28}.Release|Any CPU.ActiveCfg = Release|Any CPU
		{CFD02435-0EDE-4B42-B4D1-C7B47D56FD28}.Release|Any CPU.Build.0 = Release|Any CPU
	EndGlobalSection
	GlobalSection(SolutionProperties) = preSolution
		HideSolutionNode = FALSE
	EndGlobalSection
	GlobalSection(ExtensibilityGlobals) = postSolution
		SolutionGuid = {B6EFD38D-3A14-450C-9281-244F2866EA05}
	EndGlobalSection
EndGlobal
